
Microsoft Visual Studio Solution File, Format Version 12.00
# Visual Studio Version 16
VisualStudioVersion = 16.0.31729.503
MinimumVisualStudioVersion = 10.0.40219.1
Project("{FAE04EC0-301F-11D3-BF4B-00C04F79EFBC}") = "ORMAPArrowTools", "ORMAPArrowTools\ORMAPArrowTools.csproj", "{6F455C9F-5889-4F84-ABFC-69FEF256FB98}"
EndProject
Global
	GlobalSection(SolutionConfigurationPlatforms) = preSolution
		Debug|x64 = Debug|x64
		Release|x64 = Release|x64
	EndGlobalSection
	GlobalSection(ProjectConfigurationPlatforms) = postSolution
		{6F455C9F-5889-4F84-ABFC-69FEF256FB98}.Debug|x64.ActiveCfg = Debug|x64
		{6F455C9F-5889-4F84-ABFC-69FEF256FB98}.Debug|x64.Build.0 = Debug|x64
		{6F455C9F-5889-4F84-ABFC-69FEF256FB98}.Release|x64.ActiveCfg = Release|x64
		{6F455C9F-5889-4F84-ABFC-69FEF256FB98}.Release|x64.Build.0 = Release|x64
	EndGlobalSection
	GlobalSection(SolutionProperties) = preSolution
		HideSolutionNode = FALSE
	EndGlobalSection
	GlobalSection(ExtensibilityGlobals) = postSolution
		SolutionGuid = {9D4B3541-B64A-4123-853D-970BC013154E}
	EndGlobalSection
EndGlobal
